// !$*UTF8*$!
{
	archiveVersion = 1;
	classes = {
	};
	objectVersion = 46;
	objects = {

/* Begin PBXBuildFile section */
		368DA32E1E8F98220047EBBC /* main.m in Sources */ = {isa = PBXBuildFile; fileRef = 368DA32D1E8F98220047EBBC /* main.m */; };
		368DA3311E8F98220047EBBC /* AppDelegate.m in Sources */ = {isa = PBXBuildFile; fileRef = 368DA3301E8F98220047EBBC /* AppDelegate.m */; };
		368DA3371E8F98220047EBBC /* Main.storyboard in Resources */ = {isa = PBXBuildFile; fileRef = 368DA3351E8F98220047EBBC /* Main.storyboard */; };
		368DA3391E8F98220047EBBC /* Assets.xcassets in Resources */ = {isa = PBXBuildFile; fileRef = 368DA3381E8F98220047EBBC /* Assets.xcassets */; };
		368DA33C1E8F98220047EBBC /* LaunchScreen.storyboard in Resources */ = {isa = PBXBuildFile; fileRef = 368DA33A1E8F98220047EBBC /* LaunchScreen.storyboard */; };
		36BDAFBC1E90077300483129 /* AVCamPreviewView.m in Sources */ = {isa = PBXBuildFile; fileRef = 36BDAFB81E90077300483129 /* AVCamPreviewView.m */; };
		36BDAFBF1E901EDA00483129 /* AVCamCameraViewController.m in Sources */ = {isa = PBXBuildFile; fileRef = 36BDAFBD1E901A3A00483129 /* AVCamCameraViewController.m */; };
		36BDAFC51E90856300483129 /* ImageHelper.m in Sources */ = {isa = PBXBuildFile; fileRef = 36BDAFC41E90856300483129 /* ImageHelper.m */; };
		36BDAFCB1E90FC5C00483129 /* UIOverlayView.m in Sources */ = {isa = PBXBuildFile; fileRef = 36BDAFCA1E90FC5C00483129 /* UIOverlayView.m */; };
		8571A80F745087C051212364 /* libPods-Ctrl-F.a in Frameworks */ = {isa = PBXBuildFile; fileRef = 5492C5E03101DEEFFA4D1DFB /* libPods-Ctrl-F.a */; };
		C45988CE1E912A3B003535E3 /* textimg.jpg in Resources */ = {isa = PBXBuildFile; fileRef = C45988CD1E912A3B003535E3 /* textimg.jpg */; };
		C45988D01E914061003535E3 /* tessdata in Resources */ = {isa = PBXBuildFile; fileRef = C45988CF1E914061003535E3 /* tessdata */; };
		36BDAFCE1E91095A00483129 /* vision.mm in Sources */ = {isa = PBXBuildFile; fileRef = 36BDAFCD1E91095A00483129 /* vision.mm */; };
/* End PBXBuildFile section */

/* Begin PBXFileReference section */
		06C96D91430C814857A55F83 /* Pods-Ctrl-F.release.xcconfig */ = {isa = PBXFileReference; includeInIndex = 1; lastKnownFileType = text.xcconfig; name = "Pods-Ctrl-F.release.xcconfig"; path = "Pods/Target Support Files/Pods-Ctrl-F/Pods-Ctrl-F.release.xcconfig"; sourceTree = "<group>"; };
		368DA3291E8F98210047EBBC /* Ctrl-F.app */ = {isa = PBXFileReference; explicitFileType = wrapper.application; includeInIndex = 0; path = "Ctrl-F.app"; sourceTree = BUILT_PRODUCTS_DIR; };
		368DA32D1E8F98220047EBBC /* main.m */ = {isa = PBXFileReference; lastKnownFileType = sourcecode.c.objc; path = main.m; sourceTree = "<group>"; };
		368DA32F1E8F98220047EBBC /* AppDelegate.h */ = {isa = PBXFileReference; lastKnownFileType = sourcecode.c.h; path = AppDelegate.h; sourceTree = "<group>"; };
		368DA3301E8F98220047EBBC /* AppDelegate.m */ = {isa = PBXFileReference; lastKnownFileType = sourcecode.c.objc; path = AppDelegate.m; sourceTree = "<group>"; };
		368DA3361E8F98220047EBBC /* Base */ = {isa = PBXFileReference; lastKnownFileType = file.storyboard; name = Base; path = Base.lproj/Main.storyboard; sourceTree = "<group>"; };
		368DA3381E8F98220047EBBC /* Assets.xcassets */ = {isa = PBXFileReference; lastKnownFileType = folder.assetcatalog; path = Assets.xcassets; sourceTree = "<group>"; };
		368DA33B1E8F98220047EBBC /* Base */ = {isa = PBXFileReference; lastKnownFileType = file.storyboard; name = Base; path = Base.lproj/LaunchScreen.storyboard; sourceTree = "<group>"; };
		368DA33D1E8F98220047EBBC /* Info.plist */ = {isa = PBXFileReference; lastKnownFileType = text.plist.xml; path = Info.plist; sourceTree = "<group>"; };
		368DA3661E8F9BE20047EBBC /* PrefixHeader.pch */ = {isa = PBXFileReference; fileEncoding = 4; lastKnownFileType = sourcecode.c.h; path = PrefixHeader.pch; sourceTree = "<group>"; };
		36BDAFB31E90077300483129 /* AVCamCameraViewController.h */ = {isa = PBXFileReference; fileEncoding = 4; lastKnownFileType = sourcecode.c.h; path = AVCamCameraViewController.h; sourceTree = "<group>"; };
		36BDAFB71E90077300483129 /* AVCamPreviewView.h */ = {isa = PBXFileReference; fileEncoding = 4; lastKnownFileType = sourcecode.c.h; path = AVCamPreviewView.h; sourceTree = "<group>"; };
		36BDAFB81E90077300483129 /* AVCamPreviewView.m */ = {isa = PBXFileReference; fileEncoding = 4; lastKnownFileType = sourcecode.c.objc; path = AVCamPreviewView.m; sourceTree = "<group>"; };
		36BDAFBD1E901A3A00483129 /* AVCamCameraViewController.m */ = {isa = PBXFileReference; fileEncoding = 4; lastKnownFileType = sourcecode.c.objc; path = AVCamCameraViewController.m; sourceTree = "<group>"; };
		36BDAFC31E90856300483129 /* ImageHelper.h */ = {isa = PBXFileReference; fileEncoding = 4; lastKnownFileType = sourcecode.c.h; path = ImageHelper.h; sourceTree = "<group>"; };
		36BDAFC41E90856300483129 /* ImageHelper.m */ = {isa = PBXFileReference; fileEncoding = 4; lastKnownFileType = sourcecode.c.objc; path = ImageHelper.m; sourceTree = "<group>"; };
		36BDAFC91E90FC5C00483129 /* UIOverlayView.h */ = {isa = PBXFileReference; fileEncoding = 4; lastKnownFileType = sourcecode.c.h; path = UIOverlayView.h; sourceTree = "<group>"; };
		36BDAFCA1E90FC5C00483129 /* UIOverlayView.m */ = {isa = PBXFileReference; fileEncoding = 4; lastKnownFileType = sourcecode.c.objc; path = UIOverlayView.m; sourceTree = "<group>"; };
		5492C5E03101DEEFFA4D1DFB /* libPods-Ctrl-F.a */ = {isa = PBXFileReference; explicitFileType = archive.ar; includeInIndex = 0; path = "libPods-Ctrl-F.a"; sourceTree = BUILT_PRODUCTS_DIR; };
		58EFD9C20BB49C9649633914 /* Pods-Ctrl-F.debug.xcconfig */ = {isa = PBXFileReference; includeInIndex = 1; lastKnownFileType = text.xcconfig; name = "Pods-Ctrl-F.debug.xcconfig"; path = "Pods/Target Support Files/Pods-Ctrl-F/Pods-Ctrl-F.debug.xcconfig"; sourceTree = "<group>"; };
		C45988CD1E912A3B003535E3 /* textimg.jpg */ = {isa = PBXFileReference; lastKnownFileType = image.jpeg; path = textimg.jpg; sourceTree = "<group>"; };
		C45988CF1E914061003535E3 /* tessdata */ = {isa = PBXFileReference; lastKnownFileType = folder; path = tessdata; sourceTree = "<group>"; };
		36BDAFCC1E91095A00483129 /* vision.h */ = {isa = PBXFileReference; fileEncoding = 4; lastKnownFileType = sourcecode.c.h; path = vision.h; sourceTree = "<group>"; };
		36BDAFCD1E91095A00483129 /* vision.mm */ = {isa = PBXFileReference; fileEncoding = 4; lastKnownFileType = sourcecode.cpp.objcpp; path = vision.mm; sourceTree = "<group>"; };
/* End PBXFileReference section */

/* Begin PBXFrameworksBuildPhase section */
		368DA3261E8F98210047EBBC /* Frameworks */ = {
			isa = PBXFrameworksBuildPhase;
			buildActionMask = 2147483647;
			files = (
				8571A80F745087C051212364 /* libPods-Ctrl-F.a in Frameworks */,
			);
			runOnlyForDeploymentPostprocessing = 0;
		};
/* End PBXFrameworksBuildPhase section */

/* Begin PBXGroup section */
		0E5C1D3B55F1E96086BF5320 /* Pods */ = {
			isa = PBXGroup;
			children = (
				58EFD9C20BB49C9649633914 /* Pods-Ctrl-F.debug.xcconfig */,
				06C96D91430C814857A55F83 /* Pods-Ctrl-F.release.xcconfig */,
			);
			name = Pods;
			sourceTree = "<group>";
		};
		36135ACB1E8FB71900EAC690 /* Frameworks */ = {
			isa = PBXGroup;
			children = (
				5492C5E03101DEEFFA4D1DFB /* libPods-Ctrl-F.a */,
			);
			name = Frameworks;
			sourceTree = "<group>";
		};
		368DA3201E8F98210047EBBC = {
			isa = PBXGroup;
			children = (
				36135ACB1E8FB71900EAC690 /* Frameworks */,
				368DA32B1E8F98210047EBBC /* Ctrl-F */,
				368DA32A1E8F98210047EBBC /* Products */,
				0E5C1D3B55F1E96086BF5320 /* Pods */,
			);
			sourceTree = "<group>";
		};
		368DA32A1E8F98210047EBBC /* Products */ = {
			isa = PBXGroup;
			children = (
				368DA3291E8F98210047EBBC /* Ctrl-F.app */,
			);
			name = Products;
			sourceTree = "<group>";
		};
		368DA32B1E8F98210047EBBC /* Ctrl-F */ = {
			isa = PBXGroup;
			children = (
				C45988CF1E914061003535E3 /* tessdata */,
				C45988CD1E912A3B003535E3 /* textimg.jpg */,
				36BDAFCC1E91095A00483129 /* vision.h */,
				36BDAFCD1E91095A00483129 /* vision.mm */,
				36BDAFC91E90FC5C00483129 /* UIOverlayView.h */,
				36BDAFCA1E90FC5C00483129 /* UIOverlayView.m */,
				36BDAFC31E90856300483129 /* ImageHelper.h */,
				36BDAFC41E90856300483129 /* ImageHelper.m */,
				36BDAFBD1E901A3A00483129 /* AVCamCameraViewController.m */,
				36BDAFB31E90077300483129 /* AVCamCameraViewController.h */,
				36BDAFB71E90077300483129 /* AVCamPreviewView.h */,
				36BDAFB81E90077300483129 /* AVCamPreviewView.m */,
				368DA32F1E8F98220047EBBC /* AppDelegate.h */,
				368DA3301E8F98220047EBBC /* AppDelegate.m */,
				368DA3351E8F98220047EBBC /* Main.storyboard */,
				368DA3381E8F98220047EBBC /* Assets.xcassets */,
				368DA33A1E8F98220047EBBC /* LaunchScreen.storyboard */,
				368DA33D1E8F98220047EBBC /* Info.plist */,
				368DA32C1E8F98210047EBBC /* Supporting Files */,
			);
			path = "Ctrl-F";
			sourceTree = "<group>";
		};
		368DA32C1E8F98210047EBBC /* Supporting Files */ = {
			isa = PBXGroup;
			children = (
				368DA3661E8F9BE20047EBBC /* PrefixHeader.pch */,
				368DA32D1E8F98220047EBBC /* main.m */,
			);
			name = "Supporting Files";
			sourceTree = "<group>";
		};
/* End PBXGroup section */

/* Begin PBXNativeTarget section */
		368DA3281E8F98210047EBBC /* Ctrl-F */ = {
			isa = PBXNativeTarget;
			buildConfigurationList = 368DA3561E8F98220047EBBC /* Build configuration list for PBXNativeTarget "Ctrl-F" */;
			buildPhases = (
				D0CA3D51E39C3A194CF12D22 /* [CP] Check Pods Manifest.lock */,
				368DA3251E8F98210047EBBC /* Sources */,
				368DA3261E8F98210047EBBC /* Frameworks */,
				368DA3271E8F98210047EBBC /* Resources */,
				BA5ABCD549026ECBD4E200C2 /* [CP] Embed Pods Frameworks */,
				D5964CE8B08439C0632B36FB /* [CP] Copy Pods Resources */,
			);
			buildRules = (
			);
			dependencies = (
			);
			name = "Ctrl-F";
			productName = "Ctrl-F";
			productReference = 368DA3291E8F98210047EBBC /* Ctrl-F.app */;
			productType = "com.apple.product-type.application";
		};
/* End PBXNativeTarget section */

/* Begin PBXProject section */
		368DA3211E8F98210047EBBC /* Project object */ = {
			isa = PBXProject;
			attributes = {
				LastUpgradeCheck = 0830;
				TargetAttributes = {
					368DA3281E8F98210047EBBC = {
						CreatedOnToolsVersion = 7.3.1;
						DevelopmentTeam = T3YFPJWSRM;
					};
				};
			};
			buildConfigurationList = 368DA3241E8F98210047EBBC /* Build configuration list for PBXProject "Ctrl-F" */;
			compatibilityVersion = "Xcode 3.2";
			developmentRegion = English;
			hasScannedForEncodings = 0;
			knownRegions = (
				en,
				Base,
			);
			mainGroup = 368DA3201E8F98210047EBBC;
			productRefGroup = 368DA32A1E8F98210047EBBC /* Products */;
			projectDirPath = "";
			projectRoot = "";
			targets = (
				368DA3281E8F98210047EBBC /* Ctrl-F */,
			);
		};
/* End PBXProject section */

/* Begin PBXResourcesBuildPhase section */
		368DA3271E8F98210047EBBC /* Resources */ = {
			isa = PBXResourcesBuildPhase;
			buildActionMask = 2147483647;
			files = (
				368DA33C1E8F98220047EBBC /* LaunchScreen.storyboard in Resources */,
				C45988CE1E912A3B003535E3 /* textimg.jpg in Resources */,
				C45988D01E914061003535E3 /* tessdata in Resources */,
				368DA3391E8F98220047EBBC /* Assets.xcassets in Resources */,
				368DA3371E8F98220047EBBC /* Main.storyboard in Resources */,
			);
			runOnlyForDeploymentPostprocessing = 0;
		};
/* End PBXResourcesBuildPhase section */

/* Begin PBXShellScriptBuildPhase section */
		BA5ABCD549026ECBD4E200C2 /* [CP] Embed Pods Frameworks */ = {
			isa = PBXShellScriptBuildPhase;
			buildActionMask = 2147483647;
			files = (
			);
			inputPaths = (
			);
			name = "[CP] Embed Pods Frameworks";
			outputPaths = (
			);
			runOnlyForDeploymentPostprocessing = 0;
			shellPath = /bin/sh;
			shellScript = "\"${SRCROOT}/Pods/Target Support Files/Pods-Ctrl-F/Pods-Ctrl-F-frameworks.sh\"\n";
			showEnvVarsInLog = 0;
		};
		D0CA3D51E39C3A194CF12D22 /* [CP] Check Pods Manifest.lock */ = {
			isa = PBXShellScriptBuildPhase;
			buildActionMask = 2147483647;
			files = (
			);
			inputPaths = (
			);
			name = "[CP] Check Pods Manifest.lock";
			outputPaths = (
			);
			runOnlyForDeploymentPostprocessing = 0;
			shellPath = /bin/sh;
			shellScript = "diff \"${PODS_ROOT}/../Podfile.lock\" \"${PODS_ROOT}/Manifest.lock\" > /dev/null\nif [ $? != 0 ] ; then\n    # print error to STDERR\n    echo \"error: The sandbox is not in sync with the Podfile.lock. Run 'pod install' or update your CocoaPods installation.\" >&2\n    exit 1\nfi\n";
			showEnvVarsInLog = 0;
		};
		D5964CE8B08439C0632B36FB /* [CP] Copy Pods Resources */ = {
			isa = PBXShellScriptBuildPhase;
			buildActionMask = 2147483647;
			files = (
			);
			inputPaths = (
			);
			name = "[CP] Copy Pods Resources";
			outputPaths = (
			);
			runOnlyForDeploymentPostprocessing = 0;
			shellPath = /bin/sh;
			shellScript = "\"${SRCROOT}/Pods/Target Support Files/Pods-Ctrl-F/Pods-Ctrl-F-resources.sh\"\n";
			showEnvVarsInLog = 0;
		};
/* End PBXShellScriptBuildPhase section */

/* Begin PBXSourcesBuildPhase section */
		368DA3251E8F98210047EBBC /* Sources */ = {
			isa = PBXSourcesBuildPhase;
			buildActionMask = 2147483647;
			files = (
				36BDAFBF1E901EDA00483129 /* AVCamCameraViewController.m in Sources */,
				36BDAFCB1E90FC5C00483129 /* UIOverlayView.m in Sources */,
				36BDAFBC1E90077300483129 /* AVCamPreviewView.m in Sources */,
				368DA3311E8F98220047EBBC /* AppDelegate.m in Sources */,
				36BDAFCE1E91095A00483129 /* vision.mm in Sources */,
				368DA32E1E8F98220047EBBC /* main.m in Sources */,
				36BDAFC51E90856300483129 /* ImageHelper.m in Sources */,
			);
			runOnlyForDeploymentPostprocessing = 0;
		};
/* End PBXSourcesBuildPhase section */

/* Begin PBXVariantGroup section */
		368DA3351E8F98220047EBBC /* Main.storyboard */ = {
			isa = PBXVariantGroup;
			children = (
				368DA3361E8F98220047EBBC /* Base */,
			);
			name = Main.storyboard;
			sourceTree = "<group>";
		};
		368DA33A1E8F98220047EBBC /* LaunchScreen.storyboard */ = {
			isa = PBXVariantGroup;
			children = (
				368DA33B1E8F98220047EBBC /* Base */,
			);
			name = LaunchScreen.storyboard;
			sourceTree = "<group>";
		};
/* End PBXVariantGroup section */

/* Begin XCBuildConfiguration section */
		368DA3541E8F98220047EBBC /* Debug */ = {
			isa = XCBuildConfiguration;
			buildSettings = {
				ALWAYS_SEARCH_USER_PATHS = NO;
				CLANG_ANALYZER_NONNULL = YES;
				CLANG_CXX_LANGUAGE_STANDARD = "gnu++0x";
				CLANG_CXX_LIBRARY = "libc++";
				CLANG_ENABLE_MODULES = YES;
				CLANG_ENABLE_OBJC_ARC = YES;
				CLANG_WARN_BOOL_CONVERSION = YES;
				CLANG_WARN_CONSTANT_CONVERSION = YES;
				CLANG_WARN_DIRECT_OBJC_ISA_USAGE = YES_ERROR;
				CLANG_WARN_EMPTY_BODY = YES;
				CLANG_WARN_ENUM_CONVERSION = YES;
				CLANG_WARN_INFINITE_RECURSION = YES;
				CLANG_WARN_INT_CONVERSION = YES;
				CLANG_WARN_OBJC_ROOT_CLASS = YES_ERROR;
				CLANG_WARN_SUSPICIOUS_MOVE = YES;
				CLANG_WARN_UNREACHABLE_CODE = YES;
				CLANG_WARN__DUPLICATE_METHOD_MATCH = YES;
				"CODE_SIGN_IDENTITY[sdk=iphoneos*]" = "iPhone Developer";
				COPY_PHASE_STRIP = NO;
				DEBUG_INFORMATION_FORMAT = dwarf;
				DEVELOPMENT_TEAM = T3YFPJWSRM;
				ENABLE_BITCODE = NO;
				ENABLE_STRICT_OBJC_MSGSEND = YES;
				ENABLE_TESTABILITY = YES;
				GCC_C_LANGUAGE_STANDARD = gnu99;
				GCC_DYNAMIC_NO_PIC = NO;
				GCC_NO_COMMON_BLOCKS = YES;
				GCC_OPTIMIZATION_LEVEL = 0;
				GCC_PREPROCESSOR_DEFINITIONS = (
					"DEBUG=1",
					"$(inherited)",
				);
				GCC_WARN_64_TO_32_BIT_CONVERSION = YES;
				GCC_WARN_ABOUT_RETURN_TYPE = YES_ERROR;
				GCC_WARN_UNDECLARED_SELECTOR = YES;
				GCC_WARN_UNINITIALIZED_AUTOS = YES_AGGRESSIVE;
				GCC_WARN_UNUSED_FUNCTION = YES;
				GCC_WARN_UNUSED_VARIABLE = YES;
				IPHONEOS_DEPLOYMENT_TARGET = 9.3;
				MTL_ENABLE_DEBUG_INFO = YES;
				ONLY_ACTIVE_ARCH = YES;
				PROVISIONING_PROFILE_SPECIFIER = "";
				SDKROOT = iphoneos;
				TARGETED_DEVICE_FAMILY = "1,2";
			};
			name = Debug;
		};
		368DA3551E8F98220047EBBC /* Release */ = {
			isa = XCBuildConfiguration;
			buildSettings = {
				ALWAYS_SEARCH_USER_PATHS = NO;
				CLANG_ANALYZER_NONNULL = YES;
				CLANG_CXX_LANGUAGE_STANDARD = "gnu++0x";
				CLANG_CXX_LIBRARY = "libc++";
				CLANG_ENABLE_MODULES = YES;
				CLANG_ENABLE_OBJC_ARC = YES;
				CLANG_WARN_BOOL_CONVERSION = YES;
				CLANG_WARN_CONSTANT_CONVERSION = YES;
				CLANG_WARN_DIRECT_OBJC_ISA_USAGE = YES_ERROR;
				CLANG_WARN_EMPTY_BODY = YES;
				CLANG_WARN_ENUM_CONVERSION = YES;
				CLANG_WARN_INFINITE_RECURSION = YES;
				CLANG_WARN_INT_CONVERSION = YES;
				CLANG_WARN_OBJC_ROOT_CLASS = YES_ERROR;
				CLANG_WARN_SUSPICIOUS_MOVE = YES;
				CLANG_WARN_UNREACHABLE_CODE = YES;
				CLANG_WARN__DUPLICATE_METHOD_MATCH = YES;
				"CODE_SIGN_IDENTITY[sdk=iphoneos*]" = "iPhone Developer";
				COPY_PHASE_STRIP = NO;
				DEBUG_INFORMATION_FORMAT = "dwarf-with-dsym";
				DEVELOPMENT_TEAM = T3YFPJWSRM;
				ENABLE_BITCODE = NO;
				ENABLE_NS_ASSERTIONS = NO;
				ENABLE_STRICT_OBJC_MSGSEND = YES;
				GCC_C_LANGUAGE_STANDARD = gnu99;
				GCC_NO_COMMON_BLOCKS = YES;
				GCC_WARN_64_TO_32_BIT_CONVERSION = YES;
				GCC_WARN_ABOUT_RETURN_TYPE = YES_ERROR;
				GCC_WARN_UNDECLARED_SELECTOR = YES;
				GCC_WARN_UNINITIALIZED_AUTOS = YES_AGGRESSIVE;
				GCC_WARN_UNUSED_FUNCTION = YES;
				GCC_WARN_UNUSED_VARIABLE = YES;
				IPHONEOS_DEPLOYMENT_TARGET = 9.3;
				MTL_ENABLE_DEBUG_INFO = NO;
				PROVISIONING_PROFILE_SPECIFIER = "";
				SDKROOT = iphoneos;
				TARGETED_DEVICE_FAMILY = "1,2";
				VALIDATE_PRODUCT = YES;
			};
			name = Release;
		};
		368DA3571E8F98220047EBBC /* Debug */ = {
			isa = XCBuildConfiguration;
			baseConfigurationReference = 58EFD9C20BB49C9649633914 /* Pods-Ctrl-F.debug.xcconfig */;
			buildSettings = {
				ASSETCATALOG_COMPILER_APPICON_NAME = AppIcon;
				DEVELOPMENT_TEAM = T3YFPJWSRM;
				FRAMEWORK_SEARCH_PATHS = (
					"$(inherited)",
					"$(PROJECT_DIR)/Frameworks",
				);
				GCC_PREFIX_HEADER = "Ctrl-F/PrefixHeader.pch";
				INFOPLIST_FILE = "Ctrl-F/Info.plist";
				LD_RUNPATH_SEARCH_PATHS = "$(inherited) @executable_path/Frameworks";
				PRODUCT_BUNDLE_IDENTIFIER = "ctrl-f.Ctrl-F";
				PRODUCT_NAME = "$(TARGET_NAME)";
			};
			name = Debug;
		};
		368DA3581E8F98220047EBBC /* Release */ = {
			isa = XCBuildConfiguration;
			baseConfigurationReference = 06C96D91430C814857A55F83 /* Pods-Ctrl-F.release.xcconfig */;
			buildSettings = {
				ASSETCATALOG_COMPILER_APPICON_NAME = AppIcon;
				DEVELOPMENT_TEAM = T3YFPJWSRM;
				FRAMEWORK_SEARCH_PATHS = (
					"$(inherited)",
					"$(PROJECT_DIR)/Frameworks",
				);
				GCC_PREFIX_HEADER = "Ctrl-F/PrefixHeader.pch";
				INFOPLIST_FILE = "Ctrl-F/Info.plist";
				LD_RUNPATH_SEARCH_PATHS = "$(inherited) @executable_path/Frameworks";
				PRODUCT_BUNDLE_IDENTIFIER = "ctrl-f.Ctrl-F";
				PRODUCT_NAME = "$(TARGET_NAME)";
			};
			name = Release;
		};
/* End XCBuildConfiguration section */

/* Begin XCConfigurationList section */
		368DA3241E8F98210047EBBC /* Build configuration list for PBXProject "Ctrl-F" */ = {
			isa = XCConfigurationList;
			buildConfigurations = (
				368DA3541E8F98220047EBBC /* Debug */,
				368DA3551E8F98220047EBBC /* Release */,
			);
			defaultConfigurationIsVisible = 0;
			defaultConfigurationName = Release;
		};
		368DA3561E8F98220047EBBC /* Build configuration list for PBXNativeTarget "Ctrl-F" */ = {
			isa = XCConfigurationList;
			buildConfigurations = (
				368DA3571E8F98220047EBBC /* Debug */,
				368DA3581E8F98220047EBBC /* Release */,
			);
			defaultConfigurationIsVisible = 0;
			defaultConfigurationName = Release;
		};
/* End XCConfigurationList section */
	};
	rootObject = 368DA3211E8F98210047EBBC /* Project object */;
}
